
Microsoft Visual Studio Solution File, Format Version 12.00
# Visual Studio Version 17
VisualStudioVersion = 17.0.31903.59
MinimumVisualStudioVersion = 10.0.40219.1
Project("{9A19103F-16F7-4668-BE54-9A1E7A4F7556}") = "IntegTest", "IntegTest\IntegTest.csproj", "{CB50FC45-70DA-4FDD-9AC4-01C28346EA7B}"
EndProject
Project("{2150E333-8FDC-42A3-9474-1A3956D46DE8}") = "Libraries", "Libraries", "{A7BA46B0-6AC0-412E-BC20-B65E3E179F54}"
EndProject
Project("{9A19103F-16F7-4668-BE54-9A1E7A4F7556}") = "IntegrationTests", "IntegrationTests\IntegrationTests.csproj", "{B25CA1FE-CF94-4735-BD60-38CEAE5B0F61}"
EndProject
Project("{9A19103F-16F7-4668-BE54-9A1E7A4F7556}") = "LTest.Common", "Libraries\LTest.Common\LTest.Common.csproj", "{9622B280-7C02-4646-B121-103A2E99FE3F}"
EndProject
Project("{9A19103F-16F7-4668-BE54-9A1E7A4F7556}") = "LTest.Http", "Libraries\LTest.Http\LTest.Http.csproj", "{FE64DDAE-5AFB-43F7-A4DF-66D03E8FA4D7}"
EndProject
Project("{9A19103F-16F7-4668-BE54-9A1E7A4F7556}") = "LTest.EFCore", "Libraries\LTest.EFCore\LTest.EFCore.csproj", "{52E06B2C-BE65-48E1-84F8-20A707D1A1D3}"
EndProject
Global
	GlobalSection(SolutionConfigurationPlatforms) = preSolution
		Debug|Any CPU = Debug|Any CPU
		Release|Any CPU = Release|Any CPU
	EndGlobalSection
	GlobalSection(ProjectConfigurationPlatforms) = postSolution
		{CB50FC45-70DA-4FDD-9AC4-01C28346EA7B}.Debug|Any CPU.ActiveCfg = Debug|Any CPU
		{CB50FC45-70DA-4FDD-9AC4-01C28346EA7B}.Debug|Any CPU.Build.0 = Debug|Any CPU
		{CB50FC45-70DA-4FDD-9AC4-01C28346EA7B}.Release|Any CPU.ActiveCfg = Release|Any CPU
		{CB50FC45-70DA-4FDD-9AC4-01C28346EA7B}.Release|Any CPU.Build.0 = Release|Any CPU
		{B25CA1FE-CF94-4735-BD60-38CEAE5B0F61}.Debug|Any CPU.ActiveCfg = Debug|Any CPU
		{B25CA1FE-CF94-4735-BD60-38CEAE5B0F61}.Debug|Any CPU.Build.0 = Debug|Any CPU
		{B25CA1FE-CF94-4735-BD60-38CEAE5B0F61}.Release|Any CPU.ActiveCfg = Release|Any CPU
		{B25CA1FE-CF94-4735-BD60-38CEAE5B0F61}.Release|Any CPU.Build.0 = Release|Any CPU
		{9622B280-7C02-4646-B121-103A2E99FE3F}.Debug|Any CPU.ActiveCfg = Debug|Any CPU
		{9622B280-7C02-4646-B121-103A2E99FE3F}.Debug|Any CPU.Build.0 = Debug|Any CPU
		{9622B280-7C02-4646-B121-103A2E99FE3F}.Release|Any CPU.ActiveCfg = Release|Any CPU
		{9622B280-7C02-4646-B121-103A2E99FE3F}.Release|Any CPU.Build.0 = Release|Any CPU
		{FE64DDAE-5AFB-43F7-A4DF-66D03E8FA4D7}.Debug|Any CPU.ActiveCfg = Debug|Any CPU
		{FE64DDAE-5AFB-43F7-A4DF-66D03E8FA4D7}.Debug|Any CPU.Build.0 = Debug|Any CPU
		{FE64DDAE-5AFB-43F7-A4DF-66D03E8FA4D7}.Release|Any CPU.ActiveCfg = Release|Any CPU
		{FE64DDAE-5AFB-43F7-A4DF-66D03E8FA4D7}.Release|Any CPU.Build.0 = Release|Any CPU
		{52E06B2C-BE65-48E1-84F8-20A707D1A1D3}.Debug|Any CPU.ActiveCfg = Debug|Any CPU
		{52E06B2C-BE65-48E1-84F8-20A707D1A1D3}.Debug|Any CPU.Build.0 = Debug|Any CPU
		{52E06B2C-BE65-48E1-84F8-20A707D1A1D3}.Release|Any CPU.ActiveCfg = Release|Any CPU
		{52E06B2C-BE65-48E1-84F8-20A707D1A1D3}.Release|Any CPU.Build.0 = Release|Any CPU
	EndGlobalSection
	GlobalSection(SolutionProperties) = preSolution
		HideSolutionNode = FALSE
	EndGlobalSection
	GlobalSection(NestedProjects) = preSolution
		{9622B280-7C02-4646-B121-103A2E99FE3F} = {A7BA46B0-6AC0-412E-BC20-B65E3E179F54}
		{FE64DDAE-5AFB-43F7-A4DF-66D03E8FA4D7} = {A7BA46B0-6AC0-412E-BC20-B65E3E179F54}
		{52E06B2C-BE65-48E1-84F8-20A707D1A1D3} = {A7BA46B0-6AC0-412E-BC20-B65E3E179F54}
	EndGlobalSection
	GlobalSection(ExtensibilityGlobals) = postSolution
		SolutionGuid = {2CAEFDB0-74BE-400E-BC5A-6870A9CFE80F}
	EndGlobalSection
EndGlobal
