
Microsoft Visual Studio Solution File, Format Version 12.00
# Visual Studio Version 17
VisualStudioVersion = 17.0.31903.59
MinimumVisualStudioVersion = 10.0.40219.1
Project("{2150E333-8FDC-42A3-9474-1A3956D46DE8}") = "src", "src", "{DA23EBEE-6679-466F-84C3-C9D7CEDF4CEE}"
EndProject
Project("{9A19103F-16F7-4668-BE54-9A1E7A4F7556}") = "LTest", "src\LTest\LTest.csproj", "{42F5E3B0-CFC6-4FCF-B88B-E0D1016A4EE4}"
EndProject
Project("{9A19103F-16F7-4668-BE54-9A1E7A4F7556}") = "LTest.EfCore", "src\LTest.EfCore\LTest.EfCore.csproj", "{30893686-F130-4803-B7C3-AB5A056205A1}"
EndProject
Project("{9A19103F-16F7-4668-BE54-9A1E7A4F7556}") = "LTest.Http", "src\LTest.Http\LTest.Http.csproj", "{1127DB45-539B-451A-B47D-C185895F90EC}"
EndProject
Project("{2150E333-8FDC-42A3-9474-1A3956D46DE8}") = "example", "example", "{FD25DC91-72B0-4D37-9E6E-D809B5156CC9}"
EndProject
Project("{2150E333-8FDC-42A3-9474-1A3956D46DE8}") = "SolutionItems", "SolutionItems", "{3067B67D-88EF-46A4-9F39-61CEAD422C0F}"
	ProjectSection(SolutionItems) = preProject
		.gitignore = .gitignore
		LICENSE = LICENSE
		README.md = README.md
	EndProjectSection
EndProject
Project("{9A19103F-16F7-4668-BE54-9A1E7A4F7556}") = "Example.Api", "example\Example.Api\Example.Api.csproj", "{D104A016-A45A-4FB5-8E86-594994EE3A92}"
EndProject
Project("{9A19103F-16F7-4668-BE54-9A1E7A4F7556}") = "Example.Api.IntegrationTests", "example\Example.Api.IntegrationTests\Example.Api.IntegrationTests.csproj", "{1581287A-E30F-4A62-86F8-3774C1E76180}"
EndProject
Global
	GlobalSection(SolutionConfigurationPlatforms) = preSolution
		Debug|Any CPU = Debug|Any CPU
		Release|Any CPU = Release|Any CPU
	EndGlobalSection
	GlobalSection(ProjectConfigurationPlatforms) = postSolution
		{42F5E3B0-CFC6-4FCF-B88B-E0D1016A4EE4}.Debug|Any CPU.ActiveCfg = Debug|Any CPU
		{42F5E3B0-CFC6-4FCF-B88B-E0D1016A4EE4}.Debug|Any CPU.Build.0 = Debug|Any CPU
		{42F5E3B0-CFC6-4FCF-B88B-E0D1016A4EE4}.Release|Any CPU.ActiveCfg = Release|Any CPU
		{42F5E3B0-CFC6-4FCF-B88B-E0D1016A4EE4}.Release|Any CPU.Build.0 = Release|Any CPU
		{30893686-F130-4803-B7C3-AB5A056205A1}.Debug|Any CPU.ActiveCfg = Debug|Any CPU
		{30893686-F130-4803-B7C3-AB5A056205A1}.Debug|Any CPU.Build.0 = Debug|Any CPU
		{30893686-F130-4803-B7C3-AB5A056205A1}.Release|Any CPU.ActiveCfg = Release|Any CPU
		{30893686-F130-4803-B7C3-AB5A056205A1}.Release|Any CPU.Build.0 = Release|Any CPU
		{1127DB45-539B-451A-B47D-C185895F90EC}.Debug|Any CPU.ActiveCfg = Debug|Any CPU
		{1127DB45-539B-451A-B47D-C185895F90EC}.Debug|Any CPU.Build.0 = Debug|Any CPU
		{1127DB45-539B-451A-B47D-C185895F90EC}.Release|Any CPU.ActiveCfg = Release|Any CPU
		{1127DB45-539B-451A-B47D-C185895F90EC}.Release|Any CPU.Build.0 = Release|Any CPU
		{D104A016-A45A-4FB5-8E86-594994EE3A92}.Debug|Any CPU.ActiveCfg = Debug|Any CPU
		{D104A016-A45A-4FB5-8E86-594994EE3A92}.Debug|Any CPU.Build.0 = Debug|Any CPU
		{D104A016-A45A-4FB5-8E86-594994EE3A92}.Release|Any CPU.ActiveCfg = Release|Any CPU
		{D104A016-A45A-4FB5-8E86-594994EE3A92}.Release|Any CPU.Build.0 = Release|Any CPU
		{1581287A-E30F-4A62-86F8-3774C1E76180}.Debug|Any CPU.ActiveCfg = Debug|Any CPU
		{1581287A-E30F-4A62-86F8-3774C1E76180}.Debug|Any CPU.Build.0 = Debug|Any CPU
		{1581287A-E30F-4A62-86F8-3774C1E76180}.Release|Any CPU.ActiveCfg = Release|Any CPU
		{1581287A-E30F-4A62-86F8-3774C1E76180}.Release|Any CPU.Build.0 = Release|Any CPU
	EndGlobalSection
	GlobalSection(SolutionProperties) = preSolution
		HideSolutionNode = FALSE
	EndGlobalSection
	GlobalSection(NestedProjects) = preSolution
		{42F5E3B0-CFC6-4FCF-B88B-E0D1016A4EE4} = {DA23EBEE-6679-466F-84C3-C9D7CEDF4CEE}
		{30893686-F130-4803-B7C3-AB5A056205A1} = {DA23EBEE-6679-466F-84C3-C9D7CEDF4CEE}
		{1127DB45-539B-451A-B47D-C185895F90EC} = {DA23EBEE-6679-466F-84C3-C9D7CEDF4CEE}
		{D104A016-A45A-4FB5-8E86-594994EE3A92} = {FD25DC91-72B0-4D37-9E6E-D809B5156CC9}
		{1581287A-E30F-4A62-86F8-3774C1E76180} = {FD25DC91-72B0-4D37-9E6E-D809B5156CC9}
	EndGlobalSection
	GlobalSection(ExtensibilityGlobals) = postSolution
		SolutionGuid = {2CAEFDB0-74BE-400E-BC5A-6870A9CFE80F}
	EndGlobalSection
EndGlobal
